
Microsoft Visual Studio Solution File, Format Version 12.00
# Visual Studio Version 17
VisualStudioVersion = 17.8.34511.84
MinimumVisualStudioVersion = 10.0.40219.1
Project("{FAE04EC0-301F-11D3-BF4B-00C04F79EFBC}") = "LinearSystems", "LinearSystems\LinearSystems.csproj", "{655D0EB2-7328-4F32-8C08-7807B8C6E7BC}"
EndProject
Project("{FAE04EC0-301F-11D3-BF4B-00C04F79EFBC}") = "LinearSystems.Specs", "LinearSystems.Specs\LinearSystems.Specs.csproj", "{EDC159E7-0C62-44D1-A5A3-572367AC01F8}"
EndProject
Global
	GlobalSection(SolutionConfigurationPlatforms) = preSolution
		Debug|Any CPU = Debug|Any CPU
		Release|Any CPU = Release|Any CPU
	EndGlobalSection
	GlobalSection(ProjectConfigurationPlatforms) = postSolution
		{655D0EB2-7328-4F32-8C08-7807B8C6E7BC}.Debug|Any CPU.ActiveCfg = Debug|Any CPU
		{655D0EB2-7328-4F32-8C08-7807B8C6E7BC}.Debug|Any CPU.Build.0 = Debug|Any CPU
		{655D0EB2-7328-4F32-8C08-7807B8C6E7BC}.Release|Any CPU.ActiveCfg = Release|Any CPU
		{655D0EB2-7328-4F32-8C08-7807B8C6E7BC}.Release|Any CPU.Build.0 = Release|Any CPU
		{EDC159E7-0C62-44D1-A5A3-572367AC01F8}.Debug|Any CPU.ActiveCfg = Debug|Any CPU
		{EDC159E7-0C62-44D1-A5A3-572367AC01F8}.Debug|Any CPU.Build.0 = Debug|Any CPU
		{EDC159E7-0C62-44D1-A5A3-572367AC01F8}.Release|Any CPU.ActiveCfg = Release|Any CPU
		{EDC159E7-0C62-44D1-A5A3-572367AC01F8}.Release|Any CPU.Build.0 = Release|Any CPU
	EndGlobalSection
	GlobalSection(SolutionProperties) = preSolution
		HideSolutionNode = FALSE
	EndGlobalSection
	GlobalSection(ExtensibilityGlobals) = postSolution
		SolutionGuid = {EAB7CF7E-A147-4735-AFFF-92D9157FD305}
	EndGlobalSection
EndGlobal
